
Microsoft Visual Studio Solution File, Format Version 12.00
# Visual Studio Version 17
VisualStudioVersion = 17.9.34728.123
MinimumVisualStudioVersion = 10.0.40219.1
Project("{888888A0-9F3D-457C-B088-3A5042F75D52}") = "CJ1-prompt2", "CJ1-prompt2.pyproj", "{820790EE-5AD0-4B42-866D-0ADC3E99F4C9}"
EndProject
Global
	GlobalSection(SolutionConfigurationPlatforms) = preSolution
		Debug|Any CPU = Debug|Any CPU
		Release|Any CPU = Release|Any CPU
	EndGlobalSection
	GlobalSection(ProjectConfigurationPlatforms) = postSolution
		{820790EE-5AD0-4B42-866D-0ADC3E99F4C9}.Debug|Any CPU.ActiveCfg = Debug|Any CPU
		{820790EE-5AD0-4B42-866D-0ADC3E99F4C9}.Release|Any CPU.ActiveCfg = Release|Any CPU
	EndGlobalSection
	GlobalSection(SolutionProperties) = preSolution
		HideSolutionNode = FALSE
	EndGlobalSection
	GlobalSection(ExtensibilityGlobals) = postSolution
		SolutionGuid = {63126164-BD57-42CA-89F7-528AAC0C7337}
	EndGlobalSection
EndGlobal
