
Microsoft Visual Studio Solution File, Format Version 12.00
# Visual Studio Version 17
VisualStudioVersion = 17.9.34728.123
MinimumVisualStudioVersion = 10.0.40219.1
Project("{888888A0-9F3D-457C-B088-3A5042F75D52}") = "CJ1-prompt1", "CJ1-prompt1.pyproj", "{9B350073-849F-4B8E-A62F-818F03E28537}"
EndProject
Global
	GlobalSection(SolutionConfigurationPlatforms) = preSolution
		Debug|Any CPU = Debug|Any CPU
		Release|Any CPU = Release|Any CPU
	EndGlobalSection
	GlobalSection(ProjectConfigurationPlatforms) = postSolution
		{9B350073-849F-4B8E-A62F-818F03E28537}.Debug|Any CPU.ActiveCfg = Debug|Any CPU
		{9B350073-849F-4B8E-A62F-818F03E28537}.Release|Any CPU.ActiveCfg = Release|Any CPU
	EndGlobalSection
	GlobalSection(SolutionProperties) = preSolution
		HideSolutionNode = FALSE
	EndGlobalSection
	GlobalSection(ExtensibilityGlobals) = postSolution
		SolutionGuid = {FF2188D4-E8B4-4B63-8D57-07995FF4E4F5}
	EndGlobalSection
EndGlobal
