
Microsoft Visual Studio Solution File, Format Version 12.00
# Visual Studio Version 17
VisualStudioVersion = 17.9.34728.123
MinimumVisualStudioVersion = 10.0.40219.1
Project("{888888A0-9F3D-457C-B088-3A5042F75D52}") = "CJ1-prompt6", "CJ1-prompt6.pyproj", "{7C79624B-1E4A-491D-BBE0-D9FDBB218A44}"
EndProject
Global
	GlobalSection(SolutionConfigurationPlatforms) = preSolution
		Debug|Any CPU = Debug|Any CPU
		Release|Any CPU = Release|Any CPU
	EndGlobalSection
	GlobalSection(ProjectConfigurationPlatforms) = postSolution
		{7C79624B-1E4A-491D-BBE0-D9FDBB218A44}.Debug|Any CPU.ActiveCfg = Debug|Any CPU
		{7C79624B-1E4A-491D-BBE0-D9FDBB218A44}.Release|Any CPU.ActiveCfg = Release|Any CPU
	EndGlobalSection
	GlobalSection(SolutionProperties) = preSolution
		HideSolutionNode = FALSE
	EndGlobalSection
	GlobalSection(ExtensibilityGlobals) = postSolution
		SolutionGuid = {9F37BB8D-8944-46B4-A495-0129FD8783BC}
	EndGlobalSection
EndGlobal
